
Microsoft Visual Studio Solution File, Format Version 12.00
# Visual Studio Version 16
VisualStudioVersion = 16.0.31729.503
MinimumVisualStudioVersion = 10.0.40219.1
Project("{9A19103F-16F7-4668-BE54-9A1E7A4F7556}") = "04-11-2021", "04-11-2021\04-11-2021.csproj", "{4A2825A7-10E3-4C07-AD35-6B23B8461308}"
EndProject
Project("{9A19103F-16F7-4668-BE54-9A1E7A4F7556}") = "Validator", "Validator\Validator.csproj", "{051207DD-4ABD-447B-8649-1EF907B5D9F7}"
EndProject
Project("{FAE04EC0-301F-11D3-BF4B-00C04F79EFBC}") = "InvalidFormatException", "InvalidFormatException\InvalidFormatException.csproj", "{FB52EE73-C407-4E9A-BA8C-E274DA5C4236}"
EndProject
Global
	GlobalSection(SolutionConfigurationPlatforms) = preSolution
		Debug|Any CPU = Debug|Any CPU
		Release|Any CPU = Release|Any CPU
	EndGlobalSection
	GlobalSection(ProjectConfigurationPlatforms) = postSolution
		{4A2825A7-10E3-4C07-AD35-6B23B8461308}.Debug|Any CPU.ActiveCfg = Debug|Any CPU
		{4A2825A7-10E3-4C07-AD35-6B23B8461308}.Debug|Any CPU.Build.0 = Debug|Any CPU
		{4A2825A7-10E3-4C07-AD35-6B23B8461308}.Release|Any CPU.ActiveCfg = Release|Any CPU
		{4A2825A7-10E3-4C07-AD35-6B23B8461308}.Release|Any CPU.Build.0 = Release|Any CPU
		{051207DD-4ABD-447B-8649-1EF907B5D9F7}.Debug|Any CPU.ActiveCfg = Debug|Any CPU
		{051207DD-4ABD-447B-8649-1EF907B5D9F7}.Debug|Any CPU.Build.0 = Debug|Any CPU
		{051207DD-4ABD-447B-8649-1EF907B5D9F7}.Release|Any CPU.ActiveCfg = Release|Any CPU
		{051207DD-4ABD-447B-8649-1EF907B5D9F7}.Release|Any CPU.Build.0 = Release|Any CPU
		{FB52EE73-C407-4E9A-BA8C-E274DA5C4236}.Debug|Any CPU.ActiveCfg = Debug|Any CPU
		{FB52EE73-C407-4E9A-BA8C-E274DA5C4236}.Debug|Any CPU.Build.0 = Debug|Any CPU
		{FB52EE73-C407-4E9A-BA8C-E274DA5C4236}.Release|Any CPU.ActiveCfg = Release|Any CPU
		{FB52EE73-C407-4E9A-BA8C-E274DA5C4236}.Release|Any CPU.Build.0 = Release|Any CPU
	EndGlobalSection
	GlobalSection(SolutionProperties) = preSolution
		HideSolutionNode = FALSE
	EndGlobalSection
	GlobalSection(ExtensibilityGlobals) = postSolution
		SolutionGuid = {E42D5E16-2A57-43CF-B9C0-346C77535330}
	EndGlobalSection
EndGlobal
